Microsoft Visual Studio Solution File, Format Version 12.00
# Visual Studio Version 17
VisualStudioVersion = 17.5.2.0
MinimumVisualStudioVersion = 10.0.40219.1
Project("{FAE04EC0-301F-11D3-BF4B-00C04F79EFBC}") = "Fedi", "Fedi.csproj", "{BAC0B54C-D89C-F9C1-478D-3016614D1860}"
EndProject
Global
	GlobalSection(SolutionConfigurationPlatforms) = preSolution
		Debug|Any CPU = Debug|Any CPU
		Release|Any CPU = Release|Any CPU
	EndGlobalSection
	GlobalSection(ProjectConfigurationPlatforms) = postSolution
		{BAC0B54C-D89C-F9C1-478D-3016614D1860}.Debug|Any CPU.ActiveCfg = Debug|Any CPU
		{BAC0B54C-D89C-F9C1-478D-3016614D1860}.Debug|Any CPU.Build.0 = Debug|Any CPU
		{BAC0B54C-D89C-F9C1-478D-3016614D1860}.Release|Any CPU.ActiveCfg = Release|Any CPU
		{BAC0B54C-D89C-F9C1-478D-3016614D1860}.Release|Any CPU.Build.0 = Release|Any CPU
	EndGlobalSection
	GlobalSection(SolutionProperties) = preSolution
		HideSolutionNode = FALSE
	EndGlobalSection
	GlobalSection(ExtensibilityGlobals) = postSolution
		SolutionGuid = {A27C5F4C-170D-43B2-9888-3A94372533EE}
	EndGlobalSection
EndGlobal
